
Microsoft Visual Studio Solution File, Format Version 12.00
# Visual Studio Version 17
VisualStudioVersion = 17.9.34622.214
MinimumVisualStudioVersion = 10.0.40219.1
Project("{9A19103F-16F7-4668-BE54-9A1E7A4F7556}") = "angular.Server", "angular.Server\angular.Server.csproj", "{481848A3-188B-4FD0-80AF-BF3DD7A1A29E}"
EndProject
Project("{54A90642-561A-4BB1-A94E-469ADEE60C69}") = "angular.client", "..\angular.client\angular.client.esproj", "{5C69FB81-6FFA-4DDA-B489-60233ECC9AF5}"
EndProject
Global
	GlobalSection(SolutionConfigurationPlatforms) = preSolution
		Debug|Any CPU = Debug|Any CPU
		Release|Any CPU = Release|Any CPU
	EndGlobalSection
	GlobalSection(ProjectConfigurationPlatforms) = postSolution
		{481848A3-188B-4FD0-80AF-BF3DD7A1A29E}.Debug|Any CPU.ActiveCfg = Debug|Any CPU
		{481848A3-188B-4FD0-80AF-BF3DD7A1A29E}.Debug|Any CPU.Build.0 = Debug|Any CPU
		{481848A3-188B-4FD0-80AF-BF3DD7A1A29E}.Release|Any CPU.ActiveCfg = Release|Any CPU
		{481848A3-188B-4FD0-80AF-BF3DD7A1A29E}.Release|Any CPU.Build.0 = Release|Any CPU
		{5C69FB81-6FFA-4DDA-B489-60233ECC9AF5}.Debug|Any CPU.ActiveCfg = Debug|Any CPU
		{5C69FB81-6FFA-4DDA-B489-60233ECC9AF5}.Debug|Any CPU.Build.0 = Debug|Any CPU
		{5C69FB81-6FFA-4DDA-B489-60233ECC9AF5}.Debug|Any CPU.Deploy.0 = Debug|Any CPU
		{5C69FB81-6FFA-4DDA-B489-60233ECC9AF5}.Release|Any CPU.ActiveCfg = Release|Any CPU
		{5C69FB81-6FFA-4DDA-B489-60233ECC9AF5}.Release|Any CPU.Build.0 = Release|Any CPU
		{5C69FB81-6FFA-4DDA-B489-60233ECC9AF5}.Release|Any CPU.Deploy.0 = Release|Any CPU
	EndGlobalSection
	GlobalSection(SolutionProperties) = preSolution
		HideSolutionNode = FALSE
	EndGlobalSection
	GlobalSection(ExtensibilityGlobals) = postSolution
		SolutionGuid = {81D243A9-DAF9-46F0-AD5E-4B5BBC73D923}
	EndGlobalSection
EndGlobal
